
Microsoft Visual Studio Solution File, Format Version 12.00
# Visual Studio Version 16
VisualStudioVersion = 16.0.31424.327
MinimumVisualStudioVersion = 10.0.40219.1
Project("{8BC9CEB8-8B4A-11D0-8D11-00A0C91BC942}") = "laba3c++", "laba3c++\laba3c++.vcxproj", "{817441C1-0FEC-46B4-AA2B-A55EB9F69FEB}"
EndProject
Global
	GlobalSection(SolutionConfigurationPlatforms) = preSolution
		Debug|x64 = Debug|x64
		Debug|x86 = Debug|x86
		Release|x64 = Release|x64
		Release|x86 = Release|x86
	EndGlobalSection
	GlobalSection(ProjectConfigurationPlatforms) = postSolution
		{817441C1-0FEC-46B4-AA2B-A55EB9F69FEB}.Debug|x64.ActiveCfg = Debug|x64
		{817441C1-0FEC-46B4-AA2B-A55EB9F69FEB}.Debug|x64.Build.0 = Debug|x64
		{817441C1-0FEC-46B4-AA2B-A55EB9F69FEB}.Debug|x86.ActiveCfg = Debug|Win32
		{817441C1-0FEC-46B4-AA2B-A55EB9F69FEB}.Debug|x86.Build.0 = Debug|Win32
		{817441C1-0FEC-46B4-AA2B-A55EB9F69FEB}.Release|x64.ActiveCfg = Release|x64
		{817441C1-0FEC-46B4-AA2B-A55EB9F69FEB}.Release|x64.Build.0 = Release|x64
		{817441C1-0FEC-46B4-AA2B-A55EB9F69FEB}.Release|x86.ActiveCfg = Release|Win32
		{817441C1-0FEC-46B4-AA2B-A55EB9F69FEB}.Release|x86.Build.0 = Release|Win32
	EndGlobalSection
	GlobalSection(SolutionProperties) = preSolution
		HideSolutionNode = FALSE
	EndGlobalSection
	GlobalSection(ExtensibilityGlobals) = postSolution
		SolutionGuid = {AB01AFC2-7F3C-480D-B520-BC5ECFAFAF6A}
	EndGlobalSection
EndGlobal
